
Microsoft Visual Studio Solution File, Format Version 12.00
# Visual Studio 15
VisualStudioVersion = 15.0.26228.4
MinimumVisualStudioVersion = 10.0.40219.1
Project("{262852C6-CD72-467D-83FE-5EEB1973A190}") = "GoldButterfly", "GoldButterfly\GoldButterfly.jsproj", "{06285250-4CF6-47C8-BEB8-8087EA8BCC5D}"
EndProject
Project("{FAE04EC0-301F-11D3-BF4B-00C04F79EFBC}") = "GBServer", "GBServer\GBServer.csproj", "{385C5111-0B4C-47ED-9E2D-B007AB3396CC}"
EndProject
Project("{FAE04EC0-301F-11D3-BF4B-00C04F79EFBC}") = "DAL", "DAL\DAL.csproj", "{4663C415-23F2-4CE1-AA00-9696860CA0AF}"
EndProject
Project("{FAE04EC0-301F-11D3-BF4B-00C04F79EFBC}") = "DCL", "DCL\DCL.csproj", "{FFC503AE-8D0B-4C94-9131-415EE00562F8}"
EndProject
Global
	GlobalSection(SolutionConfigurationPlatforms) = preSolution
		Debug|Android = Debug|Android
		Debug|Any CPU = Debug|Any CPU
		Debug|iOS = Debug|iOS
		Debug|Itanium = Debug|Itanium
		Debug|Windows-ARM = Debug|Windows-ARM
		Debug|Windows-x64 = Debug|Windows-x64
		Debug|Windows-x86 = Debug|Windows-x86
		Debug|x64 = Debug|x64
		Release|Android = Release|Android
		Release|Any CPU = Release|Any CPU
		Release|iOS = Release|iOS
		Release|Itanium = Release|Itanium
		Release|Windows-ARM = Release|Windows-ARM
		Release|Windows-x64 = Release|Windows-x64
		Release|Windows-x86 = Release|Windows-x86
		Release|x64 = Release|x64
	EndGlobalSection
	GlobalSection(ProjectConfigurationPlatforms) = postSolution
		{06285250-4CF6-47C8-BEB8-8087EA8BCC5D}.Debug|Android.ActiveCfg = Debug|Android
		{06285250-4CF6-47C8-BEB8-8087EA8BCC5D}.Debug|Android.Build.0 = Debug|Android
		{06285250-4CF6-47C8-BEB8-8087EA8BCC5D}.Debug|Android.Deploy.0 = Debug|Android
		{06285250-4CF6-47C8-BEB8-8087EA8BCC5D}.Debug|Any CPU.ActiveCfg = Debug|Android
		{06285250-4CF6-47C8-BEB8-8087EA8BCC5D}.Debug|iOS.ActiveCfg = Debug|iOS
		{06285250-4CF6-47C8-BEB8-8087EA8BCC5D}.Debug|iOS.Build.0 = Debug|iOS
		{06285250-4CF6-47C8-BEB8-8087EA8BCC5D}.Debug|iOS.Deploy.0 = Debug|iOS
		{06285250-4CF6-47C8-BEB8-8087EA8BCC5D}.Debug|Itanium.ActiveCfg = Debug|iOS
		{06285250-4CF6-47C8-BEB8-8087EA8BCC5D}.Debug|Windows-ARM.ActiveCfg = Debug|Windows-ARM
		{06285250-4CF6-47C8-BEB8-8087EA8BCC5D}.Debug|Windows-ARM.Build.0 = Debug|Windows-ARM
		{06285250-4CF6-47C8-BEB8-8087EA8BCC5D}.Debug|Windows-ARM.Deploy.0 = Debug|Windows-ARM
		{06285250-4CF6-47C8-BEB8-8087EA8BCC5D}.Debug|Windows-x64.ActiveCfg = Debug|Windows-x64
		{06285250-4CF6-47C8-BEB8-8087EA8BCC5D}.Debug|Windows-x64.Build.0 = Debug|Windows-x64
		{06285250-4CF6-47C8-BEB8-8087EA8BCC5D}.Debug|Windows-x64.Deploy.0 = Debug|Windows-x64
		{06285250-4CF6-47C8-BEB8-8087EA8BCC5D}.Debug|Windows-x86.ActiveCfg = Debug|Windows-x86
		{06285250-4CF6-47C8-BEB8-8087EA8BCC5D}.Debug|Windows-x86.Build.0 = Debug|Windows-x86
		{06285250-4CF6-47C8-BEB8-8087EA8BCC5D}.Debug|Windows-x86.Deploy.0 = Debug|Windows-x86
		{06285250-4CF6-47C8-BEB8-8087EA8BCC5D}.Debug|x64.ActiveCfg = Debug|Windows-x64
		{06285250-4CF6-47C8-BEB8-8087EA8BCC5D}.Release|Android.ActiveCfg = Release|Android
		{06285250-4CF6-47C8-BEB8-8087EA8BCC5D}.Release|Android.Build.0 = Release|Android
		{06285250-4CF6-47C8-BEB8-8087EA8BCC5D}.Release|Android.Deploy.0 = Release|Android
		{06285250-4CF6-47C8-BEB8-8087EA8BCC5D}.Release|Any CPU.ActiveCfg = Release|Android
		{06285250-4CF6-47C8-BEB8-8087EA8BCC5D}.Release|iOS.ActiveCfg = Release|iOS
		{06285250-4CF6-47C8-BEB8-8087EA8BCC5D}.Release|iOS.Build.0 = Release|iOS
		{06285250-4CF6-47C8-BEB8-8087EA8BCC5D}.Release|iOS.Deploy.0 = Release|iOS
		{06285250-4CF6-47C8-BEB8-8087EA8BCC5D}.Release|Itanium.ActiveCfg = Release|iOS
		{06285250-4CF6-47C8-BEB8-8087EA8BCC5D}.Release|Windows-ARM.ActiveCfg = Release|Windows-ARM
		{06285250-4CF6-47C8-BEB8-8087EA8BCC5D}.Release|Windows-ARM.Build.0 = Release|Windows-ARM
		{06285250-4CF6-47C8-BEB8-8087EA8BCC5D}.Release|Windows-ARM.Deploy.0 = Release|Windows-ARM
		{06285250-4CF6-47C8-BEB8-8087EA8BCC5D}.Release|Windows-x64.ActiveCfg = Release|Windows-x64
		{06285250-4CF6-47C8-BEB8-8087EA8BCC5D}.Release|Windows-x64.Build.0 = Release|Windows-x64
		{06285250-4CF6-47C8-BEB8-8087EA8BCC5D}.Release|Windows-x64.Deploy.0 = Release|Windows-x64
		{06285250-4CF6-47C8-BEB8-8087EA8BCC5D}.Release|Windows-x86.ActiveCfg = Release|Windows-x86
		{06285250-4CF6-47C8-BEB8-8087EA8BCC5D}.Release|Windows-x86.Build.0 = Release|Windows-x86
		{06285250-4CF6-47C8-BEB8-8087EA8BCC5D}.Release|Windows-x86.Deploy.0 = Release|Windows-x86
		{06285250-4CF6-47C8-BEB8-8087EA8BCC5D}.Release|x64.ActiveCfg = Release|Windows-x64
		{385C5111-0B4C-47ED-9E2D-B007AB3396CC}.Debug|Android.ActiveCfg = Debug|Any CPU
		{385C5111-0B4C-47ED-9E2D-B007AB3396CC}.Debug|Android.Build.0 = Debug|Any CPU
		{385C5111-0B4C-47ED-9E2D-B007AB3396CC}.Debug|Any CPU.ActiveCfg = Debug|Any CPU
		{385C5111-0B4C-47ED-9E2D-B007AB3396CC}.Debug|Any CPU.Build.0 = Debug|Any CPU
		{385C5111-0B4C-47ED-9E2D-B007AB3396CC}.Debug|iOS.ActiveCfg = Debug|Any CPU
		{385C5111-0B4C-47ED-9E2D-B007AB3396CC}.Debug|iOS.Build.0 = Debug|Any CPU
		{385C5111-0B4C-47ED-9E2D-B007AB3396CC}.Debug|Itanium.ActiveCfg = Debug|Any CPU
		{385C5111-0B4C-47ED-9E2D-B007AB3396CC}.Debug|Itanium.Build.0 = Debug|Any CPU
		{385C5111-0B4C-47ED-9E2D-B007AB3396CC}.Debug|Windows-ARM.ActiveCfg = Debug|Any CPU
		{385C5111-0B4C-47ED-9E2D-B007AB3396CC}.Debug|Windows-ARM.Build.0 = Debug|Any CPU
		{385C5111-0B4C-47ED-9E2D-B007AB3396CC}.Debug|Windows-x64.ActiveCfg = Debug|Any CPU
		{385C5111-0B4C-47ED-9E2D-B007AB3396CC}.Debug|Windows-x64.Build.0 = Debug|Any CPU
		{385C5111-0B4C-47ED-9E2D-B007AB3396CC}.Debug|Windows-x86.ActiveCfg = Debug|Any CPU
		{385C5111-0B4C-47ED-9E2D-B007AB3396CC}.Debug|Windows-x86.Build.0 = Debug|Any CPU
		{385C5111-0B4C-47ED-9E2D-B007AB3396CC}.Debug|x64.ActiveCfg = Debug|Any CPU
		{385C5111-0B4C-47ED-9E2D-B007AB3396CC}.Debug|x64.Build.0 = Debug|Any CPU
		{385C5111-0B4C-47ED-9E2D-B007AB3396CC}.Release|Android.ActiveCfg = Release|Any CPU
		{385C5111-0B4C-47ED-9E2D-B007AB3396CC}.Release|Android.Build.0 = Release|Any CPU
		{385C5111-0B4C-47ED-9E2D-B007AB3396CC}.Release|Any CPU.ActiveCfg = Release|Any CPU
		{385C5111-0B4C-47ED-9E2D-B007AB3396CC}.Release|Any CPU.Build.0 = Release|Any CPU
		{385C5111-0B4C-47ED-9E2D-B007AB3396CC}.Release|iOS.ActiveCfg = Release|Any CPU
		{385C5111-0B4C-47ED-9E2D-B007AB3396CC}.Release|iOS.Build.0 = Release|Any CPU
		{385C5111-0B4C-47ED-9E2D-B007AB3396CC}.Release|Itanium.ActiveCfg = Release|Any CPU
		{385C5111-0B4C-47ED-9E2D-B007AB3396CC}.Release|Itanium.Build.0 = Release|Any CPU
		{385C5111-0B4C-47ED-9E2D-B007AB3396CC}.Release|Windows-ARM.ActiveCfg = Release|Any CPU
		{385C5111-0B4C-47ED-9E2D-B007AB3396CC}.Release|Windows-ARM.Build.0 = Release|Any CPU
		{385C5111-0B4C-47ED-9E2D-B007AB3396CC}.Release|Windows-x64.ActiveCfg = Release|Any CPU
		{385C5111-0B4C-47ED-9E2D-B007AB3396CC}.Release|Windows-x64.Build.0 = Release|Any CPU
		{385C5111-0B4C-47ED-9E2D-B007AB3396CC}.Release|Windows-x86.ActiveCfg = Release|Any CPU
		{385C5111-0B4C-47ED-9E2D-B007AB3396CC}.Release|Windows-x86.Build.0 = Release|Any CPU
		{385C5111-0B4C-47ED-9E2D-B007AB3396CC}.Release|x64.ActiveCfg = Release|Any CPU
		{385C5111-0B4C-47ED-9E2D-B007AB3396CC}.Release|x64.Build.0 = Release|Any CPU
		{4663C415-23F2-4CE1-AA00-9696860CA0AF}.Debug|Android.ActiveCfg = Debug|Any CPU
		{4663C415-23F2-4CE1-AA00-9696860CA0AF}.Debug|Android.Build.0 = Debug|Any CPU
		{4663C415-23F2-4CE1-AA00-9696860CA0AF}.Debug|Any CPU.ActiveCfg = Debug|Any CPU
		{4663C415-23F2-4CE1-AA00-9696860CA0AF}.Debug|Any CPU.Build.0 = Debug|Any CPU
		{4663C415-23F2-4CE1-AA00-9696860CA0AF}.Debug|iOS.ActiveCfg = Debug|Any CPU
		{4663C415-23F2-4CE1-AA00-9696860CA0AF}.Debug|iOS.Build.0 = Debug|Any CPU
		{4663C415-23F2-4CE1-AA00-9696860CA0AF}.Debug|Itanium.ActiveCfg = Debug|Itanium
		{4663C415-23F2-4CE1-AA00-9696860CA0AF}.Debug|Itanium.Build.0 = Debug|Itanium
		{4663C415-23F2-4CE1-AA00-9696860CA0AF}.Debug|Windows-ARM.ActiveCfg = Debug|Any CPU
		{4663C415-23F2-4CE1-AA00-9696860CA0AF}.Debug|Windows-ARM.Build.0 = Debug|Any CPU
		{4663C415-23F2-4CE1-AA00-9696860CA0AF}.Debug|Windows-x64.ActiveCfg = Debug|Any CPU
		{4663C415-23F2-4CE1-AA00-9696860CA0AF}.Debug|Windows-x64.Build.0 = Debug|Any CPU
		{4663C415-23F2-4CE1-AA00-9696860CA0AF}.Debug|Windows-x86.ActiveCfg = Debug|Any CPU
		{4663C415-23F2-4CE1-AA00-9696860CA0AF}.Debug|Windows-x86.Build.0 = Debug|Any CPU
		{4663C415-23F2-4CE1-AA00-9696860CA0AF}.Debug|x64.ActiveCfg = Debug|x64
		{4663C415-23F2-4CE1-AA00-9696860CA0AF}.Debug|x64.Build.0 = Debug|x64
		{4663C415-23F2-4CE1-AA00-9696860CA0AF}.Release|Android.ActiveCfg = Release|Any CPU
		{4663C415-23F2-4CE1-AA00-9696860CA0AF}.Release|Android.Build.0 = Release|Any CPU
		{4663C415-23F2-4CE1-AA00-9696860CA0AF}.Release|Any CPU.ActiveCfg = Release|Any CPU
		{4663C415-23F2-4CE1-AA00-9696860CA0AF}.Release|Any CPU.Build.0 = Release|Any CPU
		{4663C415-23F2-4CE1-AA00-9696860CA0AF}.Release|iOS.ActiveCfg = Release|Any CPU
		{4663C415-23F2-4CE1-AA00-9696860CA0AF}.Release|iOS.Build.0 = Release|Any CPU
		{4663C415-23F2-4CE1-AA00-9696860CA0AF}.Release|Itanium.ActiveCfg = Release|Itanium
		{4663C415-23F2-4CE1-AA00-9696860CA0AF}.Release|Itanium.Build.0 = Release|Itanium
		{4663C415-23F2-4CE1-AA00-9696860CA0AF}.Release|Windows-ARM.ActiveCfg = Release|Any CPU
		{4663C415-23F2-4CE1-AA00-9696860CA0AF}.Release|Windows-ARM.Build.0 = Release|Any CPU
		{4663C415-23F2-4CE1-AA00-9696860CA0AF}.Release|Windows-x64.ActiveCfg = Release|Any CPU
		{4663C415-23F2-4CE1-AA00-9696860CA0AF}.Release|Windows-x64.Build.0 = Release|Any CPU
		{4663C415-23F2-4CE1-AA00-9696860CA0AF}.Release|Windows-x86.ActiveCfg = Release|Any CPU
		{4663C415-23F2-4CE1-AA00-9696860CA0AF}.Release|Windows-x86.Build.0 = Release|Any CPU
		{4663C415-23F2-4CE1-AA00-9696860CA0AF}.Release|x64.ActiveCfg = Release|x64
		{4663C415-23F2-4CE1-AA00-9696860CA0AF}.Release|x64.Build.0 = Release|x64
		{FFC503AE-8D0B-4C94-9131-415EE00562F8}.Debug|Android.ActiveCfg = Debug|Any CPU
		{FFC503AE-8D0B-4C94-9131-415EE00562F8}.Debug|Android.Build.0 = Debug|Any CPU
		{FFC503AE-8D0B-4C94-9131-415EE00562F8}.Debug|Any CPU.ActiveCfg = Debug|Any CPU
		{FFC503AE-8D0B-4C94-9131-415EE00562F8}.Debug|Any CPU.Build.0 = Debug|Any CPU
		{FFC503AE-8D0B-4C94-9131-415EE00562F8}.Debug|iOS.ActiveCfg = Debug|Any CPU
		{FFC503AE-8D0B-4C94-9131-415EE00562F8}.Debug|iOS.Build.0 = Debug|Any CPU
		{FFC503AE-8D0B-4C94-9131-415EE00562F8}.Debug|Itanium.ActiveCfg = Debug|Any CPU
		{FFC503AE-8D0B-4C94-9131-415EE00562F8}.Debug|Itanium.Build.0 = Debug|Any CPU
		{FFC503AE-8D0B-4C94-9131-415EE00562F8}.Debug|Windows-ARM.ActiveCfg = Debug|Any CPU
		{FFC503AE-8D0B-4C94-9131-415EE00562F8}.Debug|Windows-ARM.Build.0 = Debug|Any CPU
		{FFC503AE-8D0B-4C94-9131-415EE00562F8}.Debug|Windows-x64.ActiveCfg = Debug|Any CPU
		{FFC503AE-8D0B-4C94-9131-415EE00562F8}.Debug|Windows-x64.Build.0 = Debug|Any CPU
		{FFC503AE-8D0B-4C94-9131-415EE00562F8}.Debug|Windows-x86.ActiveCfg = Debug|Any CPU
		{FFC503AE-8D0B-4C94-9131-415EE00562F8}.Debug|Windows-x86.Build.0 = Debug|Any CPU
		{FFC503AE-8D0B-4C94-9131-415EE00562F8}.Debug|x64.ActiveCfg = Debug|Any CPU
		{FFC503AE-8D0B-4C94-9131-415EE00562F8}.Debug|x64.Build.0 = Debug|Any CPU
		{FFC503AE-8D0B-4C94-9131-415EE00562F8}.Release|Android.ActiveCfg = Release|Any CPU
		{FFC503AE-8D0B-4C94-9131-415EE00562F8}.Release|Android.Build.0 = Release|Any CPU
		{FFC503AE-8D0B-4C94-9131-415EE00562F8}.Release|Any CPU.ActiveCfg = Release|Any CPU
		{FFC503AE-8D0B-4C94-9131-415EE00562F8}.Release|Any CPU.Build.0 = Release|Any CPU
		{FFC503AE-8D0B-4C94-9131-415EE00562F8}.Release|iOS.ActiveCfg = Release|Any CPU
		{FFC503AE-8D0B-4C94-9131-415EE00562F8}.Release|iOS.Build.0 = Release|Any CPU
		{FFC503AE-8D0B-4C94-9131-415EE00562F8}.Release|Itanium.ActiveCfg = Release|Any CPU
		{FFC503AE-8D0B-4C94-9131-415EE00562F8}.Release|Itanium.Build.0 = Release|Any CPU
		{FFC503AE-8D0B-4C94-9131-415EE00562F8}.Release|Windows-ARM.ActiveCfg = Release|Any CPU
		{FFC503AE-8D0B-4C94-9131-415EE00562F8}.Release|Windows-ARM.Build.0 = Release|Any CPU
		{FFC503AE-8D0B-4C94-9131-415EE00562F8}.Release|Windows-x64.ActiveCfg = Release|Any CPU
		{FFC503AE-8D0B-4C94-9131-415EE00562F8}.Release|Windows-x64.Build.0 = Release|Any CPU
		{FFC503AE-8D0B-4C94-9131-415EE00562F8}.Release|Windows-x86.ActiveCfg = Release|Any CPU
		{FFC503AE-8D0B-4C94-9131-415EE00562F8}.Release|Windows-x86.Build.0 = Release|Any CPU
		{FFC503AE-8D0B-4C94-9131-415EE00562F8}.Release|x64.ActiveCfg = Release|Any CPU
		{FFC503AE-8D0B-4C94-9131-415EE00562F8}.Release|x64.Build.0 = Release|Any CPU
	EndGlobalSection
	GlobalSection(SolutionProperties) = preSolution
		HideSolutionNode = FALSE
	EndGlobalSection
EndGlobal
